
Microsoft Visual Studio Solution File, Format Version 10.00
# Visual C++ Express 2008
Project("{8BC9CEB8-8B4A-11D0-8D11-00A0C91BC942}") = "libfcache", "libfcache\libfcache.vcproj", "{D2A3DFBA-1B8D-4676-91D9-F7E857648898}"
	ProjectSection(ProjectDependencies) = postProject
		{1128D4A2-34AE-4A04-A803-0A210F4640B7} = {1128D4A2-34AE-4A04-A803-0A210F4640B7}
		{B6FD5F38-E575-4884-BB3A-1165EEE631E3} = {B6FD5F38-E575-4884-BB3A-1165EEE631E3}
		{578EB4C9-D025-4C05-86F5-1B0CA0CD7BE7} = {578EB4C9-D025-4C05-86F5-1B0CA0CD7BE7}
	EndProjectSection
EndProject
Project("{8BC9CEB8-8B4A-11D0-8D11-00A0C91BC942}") = "pyphdi", "pyphdi\pyphdi.vcproj", "{438C8A1B-20B6-4117-95B9-1E38720923B4}"
	ProjectSection(ProjectDependencies) = postProject
		{1128D4A2-34AE-4A04-A803-0A210F4640B7} = {1128D4A2-34AE-4A04-A803-0A210F4640B7}
		{590C1718-49FC-4F82-8797-6928B911FAB7} = {590C1718-49FC-4F82-8797-6928B911FAB7}
		{578EB4C9-D025-4C05-86F5-1B0CA0CD7BE7} = {578EB4C9-D025-4C05-86F5-1B0CA0CD7BE7}
		{024650F0-E158-4299-8462-137AD8C27C9D} = {024650F0-E158-4299-8462-137AD8C27C9D}
		{47E9B46D-909A-48BA-8ECC-0BE36EA51BB1} = {47E9B46D-909A-48BA-8ECC-0BE36EA51BB1}
		{F01E828B-2848-402B-83B2-55113BE71A7E} = {F01E828B-2848-402B-83B2-55113BE71A7E}
		{0A5E538A-D72B-4558-85B5-36DF8533ACEC} = {0A5E538A-D72B-4558-85B5-36DF8533ACEC}
		{42CE4D87-E1F0-4128-B3E2-1DCF15602B8B} = {42CE4D87-E1F0-4128-B3E2-1DCF15602B8B}
		{6E214463-1064-4AF1-AF21-41F14B7E9270} = {6E214463-1064-4AF1-AF21-41F14B7E9270}
	EndProjectSection
EndProject
Project("{8BC9CEB8-8B4A-11D0-8D11-00A0C91BC942}") = "phdi_test_error", "phdi_test_error\phdi_test_error.vcproj", "{0E3D3AB3-62DA-40C2-8C3C-8CB24614FB89}"
	ProjectSection(ProjectDependencies) = postProject
		{590C1718-49FC-4F82-8797-6928B911FAB7} = {590C1718-49FC-4F82-8797-6928B911FAB7}
	EndProjectSection
EndProject
Project("{8BC9CEB8-8B4A-11D0-8D11-00A0C91BC942}") = "phdi_test_handle", "phdi_test_handle\phdi_test_handle.vcproj", "{B95129C3-BA9D-4DE2-9A0B-17F61681CF90}"
	ProjectSection(ProjectDependencies) = postProject
		{F01E828B-2848-402B-83B2-55113BE71A7E} = {F01E828B-2848-402B-83B2-55113BE71A7E}
		{98AC6ECD-8F0F-41B9-8E22-2D74C354F361} = {98AC6ECD-8F0F-41B9-8E22-2D74C354F361}
		{024650F0-E158-4299-8462-137AD8C27C9D} = {024650F0-E158-4299-8462-137AD8C27C9D}
		{578EB4C9-D025-4C05-86F5-1B0CA0CD7BE7} = {578EB4C9-D025-4C05-86F5-1B0CA0CD7BE7}
		{590C1718-49FC-4F82-8797-6928B911FAB7} = {590C1718-49FC-4F82-8797-6928B911FAB7}
		{B6FD5F38-E575-4884-BB3A-1165EEE631E3} = {B6FD5F38-E575-4884-BB3A-1165EEE631E3}
		{1128D4A2-34AE-4A04-A803-0A210F4640B7} = {1128D4A2-34AE-4A04-A803-0A210F4640B7}
	EndProjectSection
EndProject
Project("{8BC9CEB8-8B4A-11D0-8D11-00A0C91BC942}") = "phdi_test_io_handle", "phdi_test_io_handle\phdi_test_io_handle.vcproj", "{F901EC39-CEEF-49C7-BBC7-6A5D07FD9FA9}"
	ProjectSection(ProjectDependencies) = postProject
		{590C1718-49FC-4F82-8797-6928B911FAB7} = {590C1718-49FC-4F82-8797-6928B911FAB7}
		{1128D4A2-34AE-4A04-A803-0A210F4640B7} = {1128D4A2-34AE-4A04-A803-0A210F4640B7}
	EndProjectSection
EndProject
Project("{8BC9CEB8-8B4A-11D0-8D11-00A0C91BC942}") = "phdi_test_notify", "phdi_test_notify\phdi_test_notify.vcproj", "{DC6C77D9-5723-46EE-8C51-F684BFF781E7}"
	ProjectSection(ProjectDependencies) = postProject
		{590C1718-49FC-4F82-8797-6928B911FAB7} = {590C1718-49FC-4F82-8797-6928B911FAB7}
	EndProjectSection
EndProject
Project("{8BC9CEB8-8B4A-11D0-8D11-00A0C91BC942}") = "phdi_test_support", "phdi_test_support\phdi_test_support.vcproj", "{793C8E7C-CEFA-4F78-9EB7-90FC383ADB32}"
	ProjectSection(ProjectDependencies) = postProject
		{6E214463-1064-4AF1-AF21-41F14B7E9270} = {6E214463-1064-4AF1-AF21-41F14B7E9270}
		{42CE4D87-E1F0-4128-B3E2-1DCF15602B8B} = {42CE4D87-E1F0-4128-B3E2-1DCF15602B8B}
		{0A5E538A-D72B-4558-85B5-36DF8533ACEC} = {0A5E538A-D72B-4558-85B5-36DF8533ACEC}
		{F01E828B-2848-402B-83B2-55113BE71A7E} = {F01E828B-2848-402B-83B2-55113BE71A7E}
		{98AC6ECD-8F0F-41B9-8E22-2D74C354F361} = {98AC6ECD-8F0F-41B9-8E22-2D74C354F361}
		{024650F0-E158-4299-8462-137AD8C27C9D} = {024650F0-E158-4299-8462-137AD8C27C9D}
		{578EB4C9-D025-4C05-86F5-1B0CA0CD7BE7} = {578EB4C9-D025-4C05-86F5-1B0CA0CD7BE7}
		{590C1718-49FC-4F82-8797-6928B911FAB7} = {590C1718-49FC-4F82-8797-6928B911FAB7}
		{1128D4A2-34AE-4A04-A803-0A210F4640B7} = {1128D4A2-34AE-4A04-A803-0A210F4640B7}
	EndProjectSection
EndProject
Project("{8BC9CEB8-8B4A-11D0-8D11-00A0C91BC942}") = "libclocale", "libclocale\libclocale.vcproj", "{024650F0-E158-4299-8462-137AD8C27C9D}"
	ProjectSection(ProjectDependencies) = postProject
		{1128D4A2-34AE-4A04-A803-0A210F4640B7} = {1128D4A2-34AE-4A04-A803-0A210F4640B7}
	EndProjectSection
EndProject
Project("{8BC9CEB8-8B4A-11D0-8D11-00A0C91BC942}") = "libbfio", "libbfio\libbfio.vcproj", "{6E214463-1064-4AF1-AF21-41F14B7E9270}"
	ProjectSection(ProjectDependencies) = postProject
		{1128D4A2-34AE-4A04-A803-0A210F4640B7} = {1128D4A2-34AE-4A04-A803-0A210F4640B7}
		{B6FD5F38-E575-4884-BB3A-1165EEE631E3} = {B6FD5F38-E575-4884-BB3A-1165EEE631E3}
		{024650F0-E158-4299-8462-137AD8C27C9D} = {024650F0-E158-4299-8462-137AD8C27C9D}
		{98AC6ECD-8F0F-41B9-8E22-2D74C354F361} = {98AC6ECD-8F0F-41B9-8E22-2D74C354F361}
		{578EB4C9-D025-4C05-86F5-1B0CA0CD7BE7} = {578EB4C9-D025-4C05-86F5-1B0CA0CD7BE7}
		{47E9B46D-909A-48BA-8ECC-0BE36EA51BB1} = {47E9B46D-909A-48BA-8ECC-0BE36EA51BB1}
		{0A5E538A-D72B-4558-85B5-36DF8533ACEC} = {0A5E538A-D72B-4558-85B5-36DF8533ACEC}
		{42CE4D87-E1F0-4128-B3E2-1DCF15602B8B} = {42CE4D87-E1F0-4128-B3E2-1DCF15602B8B}
		{F01E828B-2848-402B-83B2-55113BE71A7E} = {F01E828B-2848-402B-83B2-55113BE71A7E}
	EndProjectSection
EndProject
Project("{8BC9CEB8-8B4A-11D0-8D11-00A0C91BC942}") = "libcfile", "libcfile\libcfile.vcproj", "{0A5E538A-D72B-4558-85B5-36DF8533ACEC}"
	ProjectSection(ProjectDependencies) = postProject
		{1128D4A2-34AE-4A04-A803-0A210F4640B7} = {1128D4A2-34AE-4A04-A803-0A210F4640B7}
		{024650F0-E158-4299-8462-137AD8C27C9D} = {024650F0-E158-4299-8462-137AD8C27C9D}
		{98AC6ECD-8F0F-41B9-8E22-2D74C354F361} = {98AC6ECD-8F0F-41B9-8E22-2D74C354F361}
		{F01E828B-2848-402B-83B2-55113BE71A7E} = {F01E828B-2848-402B-83B2-55113BE71A7E}
	EndProjectSection
EndProject
Project("{8BC9CEB8-8B4A-11D0-8D11-00A0C91BC942}") = "libcthreads", "libcthreads\libcthreads.vcproj", "{B6FD5F38-E575-4884-BB3A-1165EEE631E3}"
	ProjectSection(ProjectDependencies) = postProject
		{1128D4A2-34AE-4A04-A803-0A210F4640B7} = {1128D4A2-34AE-4A04-A803-0A210F4640B7}
	EndProjectSection
EndProject
Project("{8BC9CEB8-8B4A-11D0-8D11-00A0C91BC942}") = "phdiinfo", "phdiinfo\phdiinfo.vcproj", "{0F10AA8E-4EE3-4A64-9B9C-47ACC7C2B6C5}"
	ProjectSection(ProjectDependencies) = postProject
		{A5BF5E25-9025-4110-A20A-3BD3937AB890} = {A5BF5E25-9025-4110-A20A-3BD3937AB890}
		{590C1718-49FC-4F82-8797-6928B911FAB7} = {590C1718-49FC-4F82-8797-6928B911FAB7}
		{98AC6ECD-8F0F-41B9-8E22-2D74C354F361} = {98AC6ECD-8F0F-41B9-8E22-2D74C354F361}
		{024650F0-E158-4299-8462-137AD8C27C9D} = {024650F0-E158-4299-8462-137AD8C27C9D}
		{1128D4A2-34AE-4A04-A803-0A210F4640B7} = {1128D4A2-34AE-4A04-A803-0A210F4640B7}
	EndProjectSection
EndProject
Project("{8BC9CEB8-8B4A-11D0-8D11-00A0C91BC942}") = "phdimount", "phdimount\phdimount.vcproj", "{DD3ACEBF-6753-45B6-BEFF-F92045F8E3C6}"
	ProjectSection(ProjectDependencies) = postProject
		{6C75A39C-C49D-4FF5-8849-BA13021B44B1} = {6C75A39C-C49D-4FF5-8849-BA13021B44B1}
		{A5BF5E25-9025-4110-A20A-3BD3937AB890} = {A5BF5E25-9025-4110-A20A-3BD3937AB890}
		{42CE4D87-E1F0-4128-B3E2-1DCF15602B8B} = {42CE4D87-E1F0-4128-B3E2-1DCF15602B8B}
		{47E9B46D-909A-48BA-8ECC-0BE36EA51BB1} = {47E9B46D-909A-48BA-8ECC-0BE36EA51BB1}
		{590C1718-49FC-4F82-8797-6928B911FAB7} = {590C1718-49FC-4F82-8797-6928B911FAB7}
		{98AC6ECD-8F0F-41B9-8E22-2D74C354F361} = {98AC6ECD-8F0F-41B9-8E22-2D74C354F361}
		{024650F0-E158-4299-8462-137AD8C27C9D} = {024650F0-E158-4299-8462-137AD8C27C9D}
		{578EB4C9-D025-4C05-86F5-1B0CA0CD7BE7} = {578EB4C9-D025-4C05-86F5-1B0CA0CD7BE7}
		{1128D4A2-34AE-4A04-A803-0A210F4640B7} = {1128D4A2-34AE-4A04-A803-0A210F4640B7}
	EndProjectSection
EndProject
Project("{8BC9CEB8-8B4A-11D0-8D11-00A0C91BC942}") = "libcpath", "libcpath\libcpath.vcproj", "{42CE4D87-E1F0-4128-B3E2-1DCF15602B8B}"
	ProjectSection(ProjectDependencies) = postProject
		{1128D4A2-34AE-4A04-A803-0A210F4640B7} = {1128D4A2-34AE-4A04-A803-0A210F4640B7}
		{024650F0-E158-4299-8462-137AD8C27C9D} = {024650F0-E158-4299-8462-137AD8C27C9D}
		{47E9B46D-909A-48BA-8ECC-0BE36EA51BB1} = {47E9B46D-909A-48BA-8ECC-0BE36EA51BB1}
		{F01E828B-2848-402B-83B2-55113BE71A7E} = {F01E828B-2848-402B-83B2-55113BE71A7E}
	EndProjectSection
EndProject
Project("{8BC9CEB8-8B4A-11D0-8D11-00A0C91BC942}") = "libuna", "libuna\libuna.vcproj", "{F01E828B-2848-402B-83B2-55113BE71A7E}"
	ProjectSection(ProjectDependencies) = postProject
		{1128D4A2-34AE-4A04-A803-0A210F4640B7} = {1128D4A2-34AE-4A04-A803-0A210F4640B7}
	EndProjectSection
EndProject
Project("{8BC9CEB8-8B4A-11D0-8D11-00A0C91BC942}") = "libcerror", "libcerror\libcerror.vcproj", "{1128D4A2-34AE-4A04-A803-0A210F4640B7}"
EndProject
Project("{8BC9CEB8-8B4A-11D0-8D11-00A0C91BC942}") = "libcnotify", "libcnotify\libcnotify.vcproj", "{98AC6ECD-8F0F-41B9-8E22-2D74C354F361}"
	ProjectSection(ProjectDependencies) = postProject
		{1128D4A2-34AE-4A04-A803-0A210F4640B7} = {1128D4A2-34AE-4A04-A803-0A210F4640B7}
	EndProjectSection
EndProject
Project("{8BC9CEB8-8B4A-11D0-8D11-00A0C91BC942}") = "libcdirectory", "libcdirectory\libcdirectory.vcproj", "{B9DA1745-4143-46DF-93F9-4A953EF30D32}"
	ProjectSection(ProjectDependencies) = postProject
		{1128D4A2-34AE-4A04-A803-0A210F4640B7} = {1128D4A2-34AE-4A04-A803-0A210F4640B7}
		{024650F0-E158-4299-8462-137AD8C27C9D} = {024650F0-E158-4299-8462-137AD8C27C9D}
		{F01E828B-2848-402B-83B2-55113BE71A7E} = {F01E828B-2848-402B-83B2-55113BE71A7E}
	EndProjectSection
EndProject
Project("{8BC9CEB8-8B4A-11D0-8D11-00A0C91BC942}") = "libcsystem", "libcsystem\libcsystem.vcproj", "{A5BF5E25-9025-4110-A20A-3BD3937AB890}"
	ProjectSection(ProjectDependencies) = postProject
		{1128D4A2-34AE-4A04-A803-0A210F4640B7} = {1128D4A2-34AE-4A04-A803-0A210F4640B7}
		{024650F0-E158-4299-8462-137AD8C27C9D} = {024650F0-E158-4299-8462-137AD8C27C9D}
		{98AC6ECD-8F0F-41B9-8E22-2D74C354F361} = {98AC6ECD-8F0F-41B9-8E22-2D74C354F361}
		{F01E828B-2848-402B-83B2-55113BE71A7E} = {F01E828B-2848-402B-83B2-55113BE71A7E}
	EndProjectSection
EndProject
Project("{8BC9CEB8-8B4A-11D0-8D11-00A0C91BC942}") = "libfdata", "libfdata\libfdata.vcproj", "{28827B9E-9847-4B65-B740-7CCB68DE0D91}"
	ProjectSection(ProjectDependencies) = postProject
		{1128D4A2-34AE-4A04-A803-0A210F4640B7} = {1128D4A2-34AE-4A04-A803-0A210F4640B7}
		{B6FD5F38-E575-4884-BB3A-1165EEE631E3} = {B6FD5F38-E575-4884-BB3A-1165EEE631E3}
		{578EB4C9-D025-4C05-86F5-1B0CA0CD7BE7} = {578EB4C9-D025-4C05-86F5-1B0CA0CD7BE7}
		{98AC6ECD-8F0F-41B9-8E22-2D74C354F361} = {98AC6ECD-8F0F-41B9-8E22-2D74C354F361}
		{D2A3DFBA-1B8D-4676-91D9-F7E857648898} = {D2A3DFBA-1B8D-4676-91D9-F7E857648898}
	EndProjectSection
EndProject
Project("{8BC9CEB8-8B4A-11D0-8D11-00A0C91BC942}") = "libcdata", "libcdata\libcdata.vcproj", "{578EB4C9-D025-4C05-86F5-1B0CA0CD7BE7}"
	ProjectSection(ProjectDependencies) = postProject
		{1128D4A2-34AE-4A04-A803-0A210F4640B7} = {1128D4A2-34AE-4A04-A803-0A210F4640B7}
		{B6FD5F38-E575-4884-BB3A-1165EEE631E3} = {B6FD5F38-E575-4884-BB3A-1165EEE631E3}
	EndProjectSection
EndProject
Project("{8BC9CEB8-8B4A-11D0-8D11-00A0C91BC942}") = "libphdi", "libphdi\libphdi.vcproj", "{590C1718-49FC-4F82-8797-6928B911FAB7}"
	ProjectSection(ProjectDependencies) = postProject
		{1128D4A2-34AE-4A04-A803-0A210F4640B7} = {1128D4A2-34AE-4A04-A803-0A210F4640B7}
		{B6FD5F38-E575-4884-BB3A-1165EEE631E3} = {B6FD5F38-E575-4884-BB3A-1165EEE631E3}
		{578EB4C9-D025-4C05-86F5-1B0CA0CD7BE7} = {578EB4C9-D025-4C05-86F5-1B0CA0CD7BE7}
		{024650F0-E158-4299-8462-137AD8C27C9D} = {024650F0-E158-4299-8462-137AD8C27C9D}
		{98AC6ECD-8F0F-41B9-8E22-2D74C354F361} = {98AC6ECD-8F0F-41B9-8E22-2D74C354F361}
		{47E9B46D-909A-48BA-8ECC-0BE36EA51BB1} = {47E9B46D-909A-48BA-8ECC-0BE36EA51BB1}
		{F01E828B-2848-402B-83B2-55113BE71A7E} = {F01E828B-2848-402B-83B2-55113BE71A7E}
		{B9DA1745-4143-46DF-93F9-4A953EF30D32} = {B9DA1745-4143-46DF-93F9-4A953EF30D32}
		{0A5E538A-D72B-4558-85B5-36DF8533ACEC} = {0A5E538A-D72B-4558-85B5-36DF8533ACEC}
		{42CE4D87-E1F0-4128-B3E2-1DCF15602B8B} = {42CE4D87-E1F0-4128-B3E2-1DCF15602B8B}
		{6E214463-1064-4AF1-AF21-41F14B7E9270} = {6E214463-1064-4AF1-AF21-41F14B7E9270}
		{D2A3DFBA-1B8D-4676-91D9-F7E857648898} = {D2A3DFBA-1B8D-4676-91D9-F7E857648898}
		{28827B9E-9847-4B65-B740-7CCB68DE0D91} = {28827B9E-9847-4B65-B740-7CCB68DE0D91}
	EndProjectSection
EndProject
Project("{8BC9CEB8-8B4A-11D0-8D11-00A0C91BC942}") = "libcsplit", "libcsplit\libcsplit.vcproj", "{47E9B46D-909A-48BA-8ECC-0BE36EA51BB1}"
	ProjectSection(ProjectDependencies) = postProject
		{1128D4A2-34AE-4A04-A803-0A210F4640B7} = {1128D4A2-34AE-4A04-A803-0A210F4640B7}
	EndProjectSection
EndProject
Project("{8BC9CEB8-8B4A-11D0-8D11-00A0C91BC942}") = "dokan", "dokan\dokan.vcproj", "{6C75A39C-C49D-4FF5-8849-BA13021B44B1}"
EndProject
Global
	GlobalSection(SolutionConfigurationPlatforms) = preSolution
		Release|Win32 = Release|Win32
		VSDebug|Win32 = VSDebug|Win32
	EndGlobalSection
	GlobalSection(ProjectConfigurationPlatforms) = postSolution
		{D2A3DFBA-1B8D-4676-91D9-F7E857648898}.Release|Win32.ActiveCfg = Release|Win32
		{D2A3DFBA-1B8D-4676-91D9-F7E857648898}.Release|Win32.Build.0 = Release|Win32
		{D2A3DFBA-1B8D-4676-91D9-F7E857648898}.VSDebug|Win32.ActiveCfg = VSDebug|Win32
		{D2A3DFBA-1B8D-4676-91D9-F7E857648898}.VSDebug|Win32.Build.0 = VSDebug|Win32
		{438C8A1B-20B6-4117-95B9-1E38720923B4}.Release|Win32.ActiveCfg = Release|Win32
		{438C8A1B-20B6-4117-95B9-1E38720923B4}.Release|Win32.Build.0 = Release|Win32
		{438C8A1B-20B6-4117-95B9-1E38720923B4}.VSDebug|Win32.ActiveCfg = VSDebug|Win32
		{438C8A1B-20B6-4117-95B9-1E38720923B4}.VSDebug|Win32.Build.0 = VSDebug|Win32
		{0E3D3AB3-62DA-40C2-8C3C-8CB24614FB89}.Release|Win32.ActiveCfg = Release|Win32
		{0E3D3AB3-62DA-40C2-8C3C-8CB24614FB89}.Release|Win32.Build.0 = Release|Win32
		{0E3D3AB3-62DA-40C2-8C3C-8CB24614FB89}.VSDebug|Win32.ActiveCfg = VSDebug|Win32
		{0E3D3AB3-62DA-40C2-8C3C-8CB24614FB89}.VSDebug|Win32.Build.0 = VSDebug|Win32
		{B95129C3-BA9D-4DE2-9A0B-17F61681CF90}.Release|Win32.ActiveCfg = Release|Win32
		{B95129C3-BA9D-4DE2-9A0B-17F61681CF90}.Release|Win32.Build.0 = Release|Win32
		{B95129C3-BA9D-4DE2-9A0B-17F61681CF90}.VSDebug|Win32.ActiveCfg = VSDebug|Win32
		{B95129C3-BA9D-4DE2-9A0B-17F61681CF90}.VSDebug|Win32.Build.0 = VSDebug|Win32
		{F901EC39-CEEF-49C7-BBC7-6A5D07FD9FA9}.Release|Win32.ActiveCfg = Release|Win32
		{F901EC39-CEEF-49C7-BBC7-6A5D07FD9FA9}.Release|Win32.Build.0 = Release|Win32
		{F901EC39-CEEF-49C7-BBC7-6A5D07FD9FA9}.VSDebug|Win32.ActiveCfg = VSDebug|Win32
		{F901EC39-CEEF-49C7-BBC7-6A5D07FD9FA9}.VSDebug|Win32.Build.0 = VSDebug|Win32
		{DC6C77D9-5723-46EE-8C51-F684BFF781E7}.Release|Win32.ActiveCfg = Release|Win32
		{DC6C77D9-5723-46EE-8C51-F684BFF781E7}.Release|Win32.Build.0 = Release|Win32
		{DC6C77D9-5723-46EE-8C51-F684BFF781E7}.VSDebug|Win32.ActiveCfg = VSDebug|Win32
		{DC6C77D9-5723-46EE-8C51-F684BFF781E7}.VSDebug|Win32.Build.0 = VSDebug|Win32
		{793C8E7C-CEFA-4F78-9EB7-90FC383ADB32}.Release|Win32.ActiveCfg = Release|Win32
		{793C8E7C-CEFA-4F78-9EB7-90FC383ADB32}.Release|Win32.Build.0 = Release|Win32
		{793C8E7C-CEFA-4F78-9EB7-90FC383ADB32}.VSDebug|Win32.ActiveCfg = VSDebug|Win32
		{793C8E7C-CEFA-4F78-9EB7-90FC383ADB32}.VSDebug|Win32.Build.0 = VSDebug|Win32
		{024650F0-E158-4299-8462-137AD8C27C9D}.Release|Win32.ActiveCfg = Release|Win32
		{024650F0-E158-4299-8462-137AD8C27C9D}.Release|Win32.Build.0 = Release|Win32
		{024650F0-E158-4299-8462-137AD8C27C9D}.VSDebug|Win32.ActiveCfg = VSDebug|Win32
		{024650F0-E158-4299-8462-137AD8C27C9D}.VSDebug|Win32.Build.0 = VSDebug|Win32
		{6E214463-1064-4AF1-AF21-41F14B7E9270}.Release|Win32.ActiveCfg = Release|Win32
		{6E214463-1064-4AF1-AF21-41F14B7E9270}.Release|Win32.Build.0 = Release|Win32
		{6E214463-1064-4AF1-AF21-41F14B7E9270}.VSDebug|Win32.ActiveCfg = VSDebug|Win32
		{6E214463-1064-4AF1-AF21-41F14B7E9270}.VSDebug|Win32.Build.0 = VSDebug|Win32
		{0A5E538A-D72B-4558-85B5-36DF8533ACEC}.Release|Win32.ActiveCfg = Release|Win32
		{0A5E538A-D72B-4558-85B5-36DF8533ACEC}.Release|Win32.Build.0 = Release|Win32
		{0A5E538A-D72B-4558-85B5-36DF8533ACEC}.VSDebug|Win32.ActiveCfg = VSDebug|Win32
		{0A5E538A-D72B-4558-85B5-36DF8533ACEC}.VSDebug|Win32.Build.0 = VSDebug|Win32
		{B6FD5F38-E575-4884-BB3A-1165EEE631E3}.Release|Win32.ActiveCfg = Release|Win32
		{B6FD5F38-E575-4884-BB3A-1165EEE631E3}.Release|Win32.Build.0 = Release|Win32
		{B6FD5F38-E575-4884-BB3A-1165EEE631E3}.VSDebug|Win32.ActiveCfg = VSDebug|Win32
		{B6FD5F38-E575-4884-BB3A-1165EEE631E3}.VSDebug|Win32.Build.0 = VSDebug|Win32
		{0F10AA8E-4EE3-4A64-9B9C-47ACC7C2B6C5}.Release|Win32.ActiveCfg = Release|Win32
		{0F10AA8E-4EE3-4A64-9B9C-47ACC7C2B6C5}.Release|Win32.Build.0 = Release|Win32
		{0F10AA8E-4EE3-4A64-9B9C-47ACC7C2B6C5}.VSDebug|Win32.ActiveCfg = VSDebug|Win32
		{0F10AA8E-4EE3-4A64-9B9C-47ACC7C2B6C5}.VSDebug|Win32.Build.0 = VSDebug|Win32
		{DD3ACEBF-6753-45B6-BEFF-F92045F8E3C6}.Release|Win32.ActiveCfg = Release|Win32
		{DD3ACEBF-6753-45B6-BEFF-F92045F8E3C6}.Release|Win32.Build.0 = Release|Win32
		{DD3ACEBF-6753-45B6-BEFF-F92045F8E3C6}.VSDebug|Win32.ActiveCfg = VSDebug|Win32
		{DD3ACEBF-6753-45B6-BEFF-F92045F8E3C6}.VSDebug|Win32.Build.0 = VSDebug|Win32
		{42CE4D87-E1F0-4128-B3E2-1DCF15602B8B}.Release|Win32.ActiveCfg = Release|Win32
		{42CE4D87-E1F0-4128-B3E2-1DCF15602B8B}.Release|Win32.Build.0 = Release|Win32
		{42CE4D87-E1F0-4128-B3E2-1DCF15602B8B}.VSDebug|Win32.ActiveCfg = VSDebug|Win32
		{42CE4D87-E1F0-4128-B3E2-1DCF15602B8B}.VSDebug|Win32.Build.0 = VSDebug|Win32
		{F01E828B-2848-402B-83B2-55113BE71A7E}.Release|Win32.ActiveCfg = Release|Win32
		{F01E828B-2848-402B-83B2-55113BE71A7E}.Release|Win32.Build.0 = Release|Win32
		{F01E828B-2848-402B-83B2-55113BE71A7E}.VSDebug|Win32.ActiveCfg = VSDebug|Win32
		{F01E828B-2848-402B-83B2-55113BE71A7E}.VSDebug|Win32.Build.0 = VSDebug|Win32
		{1128D4A2-34AE-4A04-A803-0A210F4640B7}.Release|Win32.ActiveCfg = Release|Win32
		{1128D4A2-34AE-4A04-A803-0A210F4640B7}.Release|Win32.Build.0 = Release|Win32
		{1128D4A2-34AE-4A04-A803-0A210F4640B7}.VSDebug|Win32.ActiveCfg = VSDebug|Win32
		{1128D4A2-34AE-4A04-A803-0A210F4640B7}.VSDebug|Win32.Build.0 = VSDebug|Win32
		{98AC6ECD-8F0F-41B9-8E22-2D74C354F361}.Release|Win32.ActiveCfg = Release|Win32
		{98AC6ECD-8F0F-41B9-8E22-2D74C354F361}.Release|Win32.Build.0 = Release|Win32
		{98AC6ECD-8F0F-41B9-8E22-2D74C354F361}.VSDebug|Win32.ActiveCfg = VSDebug|Win32
		{98AC6ECD-8F0F-41B9-8E22-2D74C354F361}.VSDebug|Win32.Build.0 = VSDebug|Win32
		{B9DA1745-4143-46DF-93F9-4A953EF30D32}.Release|Win32.ActiveCfg = Release|Win32
		{B9DA1745-4143-46DF-93F9-4A953EF30D32}.Release|Win32.Build.0 = Release|Win32
		{B9DA1745-4143-46DF-93F9-4A953EF30D32}.VSDebug|Win32.ActiveCfg = VSDebug|Win32
		{B9DA1745-4143-46DF-93F9-4A953EF30D32}.VSDebug|Win32.Build.0 = VSDebug|Win32
		{A5BF5E25-9025-4110-A20A-3BD3937AB890}.Release|Win32.ActiveCfg = Release|Win32
		{A5BF5E25-9025-4110-A20A-3BD3937AB890}.Release|Win32.Build.0 = Release|Win32
		{A5BF5E25-9025-4110-A20A-3BD3937AB890}.VSDebug|Win32.ActiveCfg = VSDebug|Win32
		{A5BF5E25-9025-4110-A20A-3BD3937AB890}.VSDebug|Win32.Build.0 = VSDebug|Win32
		{28827B9E-9847-4B65-B740-7CCB68DE0D91}.Release|Win32.ActiveCfg = Release|Win32
		{28827B9E-9847-4B65-B740-7CCB68DE0D91}.Release|Win32.Build.0 = Release|Win32
		{28827B9E-9847-4B65-B740-7CCB68DE0D91}.VSDebug|Win32.ActiveCfg = VSDebug|Win32
		{28827B9E-9847-4B65-B740-7CCB68DE0D91}.VSDebug|Win32.Build.0 = VSDebug|Win32
		{578EB4C9-D025-4C05-86F5-1B0CA0CD7BE7}.Release|Win32.ActiveCfg = Release|Win32
		{578EB4C9-D025-4C05-86F5-1B0CA0CD7BE7}.Release|Win32.Build.0 = Release|Win32
		{578EB4C9-D025-4C05-86F5-1B0CA0CD7BE7}.VSDebug|Win32.ActiveCfg = VSDebug|Win32
		{578EB4C9-D025-4C05-86F5-1B0CA0CD7BE7}.VSDebug|Win32.Build.0 = VSDebug|Win32
		{590C1718-49FC-4F82-8797-6928B911FAB7}.Release|Win32.ActiveCfg = Release|Win32
		{590C1718-49FC-4F82-8797-6928B911FAB7}.Release|Win32.Build.0 = Release|Win32
		{590C1718-49FC-4F82-8797-6928B911FAB7}.VSDebug|Win32.ActiveCfg = VSDebug|Win32
		{590C1718-49FC-4F82-8797-6928B911FAB7}.VSDebug|Win32.Build.0 = VSDebug|Win32
		{47E9B46D-909A-48BA-8ECC-0BE36EA51BB1}.Release|Win32.ActiveCfg = Release|Win32
		{47E9B46D-909A-48BA-8ECC-0BE36EA51BB1}.Release|Win32.Build.0 = Release|Win32
		{47E9B46D-909A-48BA-8ECC-0BE36EA51BB1}.VSDebug|Win32.ActiveCfg = VSDebug|Win32
		{47E9B46D-909A-48BA-8ECC-0BE36EA51BB1}.VSDebug|Win32.Build.0 = VSDebug|Win32
		{6C75A39C-C49D-4FF5-8849-BA13021B44B1}.Release|Win32.ActiveCfg = Release|Win32
		{6C75A39C-C49D-4FF5-8849-BA13021B44B1}.Release|Win32.Build.0 = Release|Win32
		{6C75A39C-C49D-4FF5-8849-BA13021B44B1}.VSDebug|Win32.ActiveCfg = VSDebug|Win32
		{6C75A39C-C49D-4FF5-8849-BA13021B44B1}.VSDebug|Win32.Build.0 = VSDebug|Win32
	EndGlobalSection
	GlobalSection(SolutionProperties) = preSolution
		HideSolutionNode = FALSE
	EndGlobalSection
EndGlobal
