
Microsoft Visual Studio Solution File, Format Version 10.00
# Visual C++ Express 2008
Project("{8BC9CEB8-8B4A-11D0-8D11-00A0C91BC942}") = "libfcache", "libfcache\libfcache.vcproj", "{D2A3DFBA-1B8D-4676-91D9-F7E857648898}"
	ProjectSection(ProjectDependencies) = postProject
		{1128D4A2-34AE-4A04-A803-0A210F4640B7} = {1128D4A2-34AE-4A04-A803-0A210F4640B7}
		{B6FD5F38-E575-4884-BB3A-1165EEE631E3} = {B6FD5F38-E575-4884-BB3A-1165EEE631E3}
		{578EB4C9-D025-4C05-86F5-1B0CA0CD7BE7} = {578EB4C9-D025-4C05-86F5-1B0CA0CD7BE7}
	EndProjectSection
EndProject
Project("{8BC9CEB8-8B4A-11D0-8D11-00A0C91BC942}") = "pyphdi", "pyphdi\pyphdi.vcproj", "{438C8A1B-20B6-4117-95B9-1E38720923B4}"
	ProjectSection(ProjectDependencies) = postProject
		{1128D4A2-34AE-4A04-A803-0A210F4640B7} = {1128D4A2-34AE-4A04-A803-0A210F4640B7}
		{590C1718-49FC-4F82-8797-6928B911FAB7} = {590C1718-49FC-4F82-8797-6928B911FAB7}
		{578EB4C9-D025-4C05-86F5-1B0CA0CD7BE7} = {578EB4C9-D025-4C05-86F5-1B0CA0CD7BE7}
		{024650F0-E158-4299-8462-137AD8C27C9D} = {024650F0-E158-4299-8462-137AD8C27C9D}
		{47E9B46D-909A-48BA-8ECC-0BE36EA51BB1} = {47E9B46D-909A-48BA-8ECC-0BE36EA51BB1}
		{F01E828B-2848-402B-83B2-55113BE71A7E} = {F01E828B-2848-402B-83B2-55113BE71A7E}
		{0A5E538A-D72B-4558-85B5-36DF8533ACEC} = {0A5E538A-D72B-4558-85B5-36DF8533ACEC}
		{42CE4D87-E1F0-4128-B3E2-1DCF15602B8B} = {42CE4D87-E1F0-4128-B3E2-1DCF15602B8B}
		{6E214463-1064-4AF1-AF21-41F14B7E9270} = {6E214463-1064-4AF1-AF21-41F14B7E9270}
	EndProjectSection
EndProject
Project("{8BC9CEB8-8B4A-11D0-8D11-00A0C91BC942}") = "libfguid", "libfguid\libfguid.vcproj", "{F7442660-9417-437B-BF51-A26284761E77}"
	ProjectSection(ProjectDependencies) = postProject
		{1128D4A2-34AE-4A04-A803-0A210F4640B7} = {1128D4A2-34AE-4A04-A803-0A210F4640B7}
	EndProjectSection
EndProject
Project("{8BC9CEB8-8B4A-11D0-8D11-00A0C91BC942}") = "phdi_test_block_descriptor", "phdi_test_block_descriptor\phdi_test_block_descriptor.vcproj", "{76A34D69-E8BD-4F3D-9882-891CE6CFA400}"
	ProjectSection(ProjectDependencies) = postProject
		{590C1718-49FC-4F82-8797-6928B911FAB7} = {590C1718-49FC-4F82-8797-6928B911FAB7}
		{1128D4A2-34AE-4A04-A803-0A210F4640B7} = {1128D4A2-34AE-4A04-A803-0A210F4640B7}
	EndProjectSection
EndProject
Project("{8BC9CEB8-8B4A-11D0-8D11-00A0C91BC942}") = "phdi_test_block_tree", "phdi_test_block_tree\phdi_test_block_tree.vcproj", "{25968E1B-1810-4D80-82EB-09DABF4CF629}"
	ProjectSection(ProjectDependencies) = postProject
		{590C1718-49FC-4F82-8797-6928B911FAB7} = {590C1718-49FC-4F82-8797-6928B911FAB7}
		{1128D4A2-34AE-4A04-A803-0A210F4640B7} = {1128D4A2-34AE-4A04-A803-0A210F4640B7}
	EndProjectSection
EndProject
Project("{8BC9CEB8-8B4A-11D0-8D11-00A0C91BC942}") = "phdi_test_block_tree_node", "phdi_test_block_tree_node\phdi_test_block_tree_node.vcproj", "{F1BE673C-568B-47C3-BE38-8B5564455885}"
	ProjectSection(ProjectDependencies) = postProject
		{590C1718-49FC-4F82-8797-6928B911FAB7} = {590C1718-49FC-4F82-8797-6928B911FAB7}
		{1128D4A2-34AE-4A04-A803-0A210F4640B7} = {1128D4A2-34AE-4A04-A803-0A210F4640B7}
	EndProjectSection
EndProject
Project("{8BC9CEB8-8B4A-11D0-8D11-00A0C91BC942}") = "phdi_test_error", "phdi_test_error\phdi_test_error.vcproj", "{0E3D3AB3-62DA-40C2-8C3C-8CB24614FB89}"
	ProjectSection(ProjectDependencies) = postProject
		{590C1718-49FC-4F82-8797-6928B911FAB7} = {590C1718-49FC-4F82-8797-6928B911FAB7}
	EndProjectSection
EndProject
Project("{8BC9CEB8-8B4A-11D0-8D11-00A0C91BC942}") = "phdi_test_data_files", "phdi_test_data_files\phdi_test_data_files.vcproj", "{B6D72797-6018-432E-8D6C-0AA42730C4BA}"
	ProjectSection(ProjectDependencies) = postProject
		{590C1718-49FC-4F82-8797-6928B911FAB7} = {590C1718-49FC-4F82-8797-6928B911FAB7}
		{1128D4A2-34AE-4A04-A803-0A210F4640B7} = {1128D4A2-34AE-4A04-A803-0A210F4640B7}
	EndProjectSection
EndProject
Project("{8BC9CEB8-8B4A-11D0-8D11-00A0C91BC942}") = "phdi_test_disk_descriptor_xml_file", "phdi_test_disk_descriptor_xml_file\phdi_test_disk_descriptor_xml_file.vcproj", "{634AD39E-E6AA-4BD7-9139-E4D10CF0510A}"
	ProjectSection(ProjectDependencies) = postProject
		{6E214463-1064-4AF1-AF21-41F14B7E9270} = {6E214463-1064-4AF1-AF21-41F14B7E9270}
		{42CE4D87-E1F0-4128-B3E2-1DCF15602B8B} = {42CE4D87-E1F0-4128-B3E2-1DCF15602B8B}
		{0A5E538A-D72B-4558-85B5-36DF8533ACEC} = {0A5E538A-D72B-4558-85B5-36DF8533ACEC}
		{F01E828B-2848-402B-83B2-55113BE71A7E} = {F01E828B-2848-402B-83B2-55113BE71A7E}
		{47E9B46D-909A-48BA-8ECC-0BE36EA51BB1} = {47E9B46D-909A-48BA-8ECC-0BE36EA51BB1}
		{98AC6ECD-8F0F-41B9-8E22-2D74C354F361} = {98AC6ECD-8F0F-41B9-8E22-2D74C354F361}
		{024650F0-E158-4299-8462-137AD8C27C9D} = {024650F0-E158-4299-8462-137AD8C27C9D}
		{578EB4C9-D025-4C05-86F5-1B0CA0CD7BE7} = {578EB4C9-D025-4C05-86F5-1B0CA0CD7BE7}
		{590C1718-49FC-4F82-8797-6928B911FAB7} = {590C1718-49FC-4F82-8797-6928B911FAB7}
		{1128D4A2-34AE-4A04-A803-0A210F4640B7} = {1128D4A2-34AE-4A04-A803-0A210F4640B7}
	EndProjectSection
EndProject
Project("{8BC9CEB8-8B4A-11D0-8D11-00A0C91BC942}") = "phdi_test_disk_parameters", "phdi_test_disk_parameters\phdi_test_disk_parameters.vcproj", "{1AC21EB6-2302-40BE-9876-D4A5D4CCCDAF}"
	ProjectSection(ProjectDependencies) = postProject
		{590C1718-49FC-4F82-8797-6928B911FAB7} = {590C1718-49FC-4F82-8797-6928B911FAB7}
		{1128D4A2-34AE-4A04-A803-0A210F4640B7} = {1128D4A2-34AE-4A04-A803-0A210F4640B7}
	EndProjectSection
EndProject
Project("{8BC9CEB8-8B4A-11D0-8D11-00A0C91BC942}") = "phdi_test_extent_descriptor", "phdi_test_extent_descriptor\phdi_test_extent_descriptor.vcproj", "{34C38914-56E3-462B-AE49-D41E91A60865}"
	ProjectSection(ProjectDependencies) = postProject
		{590C1718-49FC-4F82-8797-6928B911FAB7} = {590C1718-49FC-4F82-8797-6928B911FAB7}
		{1128D4A2-34AE-4A04-A803-0A210F4640B7} = {1128D4A2-34AE-4A04-A803-0A210F4640B7}
	EndProjectSection
EndProject
Project("{8BC9CEB8-8B4A-11D0-8D11-00A0C91BC942}") = "phdi_test_extent_table", "phdi_test_extent_table\phdi_test_extent_table.vcproj", "{9554008A-5C3D-4CBA-9B80-834D406F0D6D}"
	ProjectSection(ProjectDependencies) = postProject
		{590C1718-49FC-4F82-8797-6928B911FAB7} = {590C1718-49FC-4F82-8797-6928B911FAB7}
		{1128D4A2-34AE-4A04-A803-0A210F4640B7} = {1128D4A2-34AE-4A04-A803-0A210F4640B7}
	EndProjectSection
EndProject
Project("{8BC9CEB8-8B4A-11D0-8D11-00A0C91BC942}") = "phdi_test_extent_values", "phdi_test_extent_values\phdi_test_extent_values.vcproj", "{456DF294-6F4F-46A5-ABCD-21FB588FD5CD}"
	ProjectSection(ProjectDependencies) = postProject
		{590C1718-49FC-4F82-8797-6928B911FAB7} = {590C1718-49FC-4F82-8797-6928B911FAB7}
		{1128D4A2-34AE-4A04-A803-0A210F4640B7} = {1128D4A2-34AE-4A04-A803-0A210F4640B7}
	EndProjectSection
EndProject
Project("{8BC9CEB8-8B4A-11D0-8D11-00A0C91BC942}") = "phdi_test_handle", "phdi_test_handle\phdi_test_handle.vcproj", "{B95129C3-BA9D-4DE2-9A0B-17F61681CF90}"
	ProjectSection(ProjectDependencies) = postProject
		{6E214463-1064-4AF1-AF21-41F14B7E9270} = {6E214463-1064-4AF1-AF21-41F14B7E9270}
		{42CE4D87-E1F0-4128-B3E2-1DCF15602B8B} = {42CE4D87-E1F0-4128-B3E2-1DCF15602B8B}
		{0A5E538A-D72B-4558-85B5-36DF8533ACEC} = {0A5E538A-D72B-4558-85B5-36DF8533ACEC}
		{F01E828B-2848-402B-83B2-55113BE71A7E} = {F01E828B-2848-402B-83B2-55113BE71A7E}
		{47E9B46D-909A-48BA-8ECC-0BE36EA51BB1} = {47E9B46D-909A-48BA-8ECC-0BE36EA51BB1}
		{98AC6ECD-8F0F-41B9-8E22-2D74C354F361} = {98AC6ECD-8F0F-41B9-8E22-2D74C354F361}
		{024650F0-E158-4299-8462-137AD8C27C9D} = {024650F0-E158-4299-8462-137AD8C27C9D}
		{578EB4C9-D025-4C05-86F5-1B0CA0CD7BE7} = {578EB4C9-D025-4C05-86F5-1B0CA0CD7BE7}
		{590C1718-49FC-4F82-8797-6928B911FAB7} = {590C1718-49FC-4F82-8797-6928B911FAB7}
		{B6FD5F38-E575-4884-BB3A-1165EEE631E3} = {B6FD5F38-E575-4884-BB3A-1165EEE631E3}
		{1128D4A2-34AE-4A04-A803-0A210F4640B7} = {1128D4A2-34AE-4A04-A803-0A210F4640B7}
	EndProjectSection
EndProject
Project("{8BC9CEB8-8B4A-11D0-8D11-00A0C91BC942}") = "phdi_test_image_descriptor", "phdi_test_image_descriptor\phdi_test_image_descriptor.vcproj", "{7E7B8C04-6DEC-4730-A1BA-1ACBBEBB4CCA}"
	ProjectSection(ProjectDependencies) = postProject
		{590C1718-49FC-4F82-8797-6928B911FAB7} = {590C1718-49FC-4F82-8797-6928B911FAB7}
		{1128D4A2-34AE-4A04-A803-0A210F4640B7} = {1128D4A2-34AE-4A04-A803-0A210F4640B7}
	EndProjectSection
EndProject
Project("{8BC9CEB8-8B4A-11D0-8D11-00A0C91BC942}") = "phdi_test_image_values", "phdi_test_image_values\phdi_test_image_values.vcproj", "{4688B716-6565-456C-BF61-AB0E57AD13B7}"
	ProjectSection(ProjectDependencies) = postProject
		{590C1718-49FC-4F82-8797-6928B911FAB7} = {590C1718-49FC-4F82-8797-6928B911FAB7}
		{1128D4A2-34AE-4A04-A803-0A210F4640B7} = {1128D4A2-34AE-4A04-A803-0A210F4640B7}
	EndProjectSection
EndProject
Project("{8BC9CEB8-8B4A-11D0-8D11-00A0C91BC942}") = "phdi_test_io_handle", "phdi_test_io_handle\phdi_test_io_handle.vcproj", "{F901EC39-CEEF-49C7-BBC7-6A5D07FD9FA9}"
	ProjectSection(ProjectDependencies) = postProject
		{590C1718-49FC-4F82-8797-6928B911FAB7} = {590C1718-49FC-4F82-8797-6928B911FAB7}
		{1128D4A2-34AE-4A04-A803-0A210F4640B7} = {1128D4A2-34AE-4A04-A803-0A210F4640B7}
	EndProjectSection
EndProject
Project("{8BC9CEB8-8B4A-11D0-8D11-00A0C91BC942}") = "phdi_test_notify", "phdi_test_notify\phdi_test_notify.vcproj", "{DC6C77D9-5723-46EE-8C51-F684BFF781E7}"
	ProjectSection(ProjectDependencies) = postProject
		{590C1718-49FC-4F82-8797-6928B911FAB7} = {590C1718-49FC-4F82-8797-6928B911FAB7}
		{1128D4A2-34AE-4A04-A803-0A210F4640B7} = {1128D4A2-34AE-4A04-A803-0A210F4640B7}
	EndProjectSection
EndProject
Project("{8BC9CEB8-8B4A-11D0-8D11-00A0C91BC942}") = "phdi_test_snapshot_values", "phdi_test_snapshot_values\phdi_test_snapshot_values.vcproj", "{F8113E98-9A38-4255-ABDE-225A1C8AD140}"
	ProjectSection(ProjectDependencies) = postProject
		{590C1718-49FC-4F82-8797-6928B911FAB7} = {590C1718-49FC-4F82-8797-6928B911FAB7}
		{1128D4A2-34AE-4A04-A803-0A210F4640B7} = {1128D4A2-34AE-4A04-A803-0A210F4640B7}
	EndProjectSection
EndProject
Project("{8BC9CEB8-8B4A-11D0-8D11-00A0C91BC942}") = "phdi_test_support", "phdi_test_support\phdi_test_support.vcproj", "{793C8E7C-CEFA-4F78-9EB7-90FC383ADB32}"
	ProjectSection(ProjectDependencies) = postProject
		{6E214463-1064-4AF1-AF21-41F14B7E9270} = {6E214463-1064-4AF1-AF21-41F14B7E9270}
		{42CE4D87-E1F0-4128-B3E2-1DCF15602B8B} = {42CE4D87-E1F0-4128-B3E2-1DCF15602B8B}
		{0A5E538A-D72B-4558-85B5-36DF8533ACEC} = {0A5E538A-D72B-4558-85B5-36DF8533ACEC}
		{F01E828B-2848-402B-83B2-55113BE71A7E} = {F01E828B-2848-402B-83B2-55113BE71A7E}
		{47E9B46D-909A-48BA-8ECC-0BE36EA51BB1} = {47E9B46D-909A-48BA-8ECC-0BE36EA51BB1}
		{98AC6ECD-8F0F-41B9-8E22-2D74C354F361} = {98AC6ECD-8F0F-41B9-8E22-2D74C354F361}
		{024650F0-E158-4299-8462-137AD8C27C9D} = {024650F0-E158-4299-8462-137AD8C27C9D}
		{578EB4C9-D025-4C05-86F5-1B0CA0CD7BE7} = {578EB4C9-D025-4C05-86F5-1B0CA0CD7BE7}
		{590C1718-49FC-4F82-8797-6928B911FAB7} = {590C1718-49FC-4F82-8797-6928B911FAB7}
		{1128D4A2-34AE-4A04-A803-0A210F4640B7} = {1128D4A2-34AE-4A04-A803-0A210F4640B7}
	EndProjectSection
EndProject
Project("{8BC9CEB8-8B4A-11D0-8D11-00A0C91BC942}") = "phdi_test_system_string", "phdi_test_system_string\phdi_test_system_string.vcproj", "{4AFB2562-9EE9-4583-8164-D35D2E09CD7E}"
	ProjectSection(ProjectDependencies) = postProject
		{590C1718-49FC-4F82-8797-6928B911FAB7} = {590C1718-49FC-4F82-8797-6928B911FAB7}
		{1128D4A2-34AE-4A04-A803-0A210F4640B7} = {1128D4A2-34AE-4A04-A803-0A210F4640B7}
	EndProjectSection
EndProject
Project("{8BC9CEB8-8B4A-11D0-8D11-00A0C91BC942}") = "phdi_test_xml_tag", "phdi_test_xml_tag\phdi_test_xml_tag.vcproj", "{8560BE7C-1892-48A4-A0D8-BEB8BC38A7EE}"
	ProjectSection(ProjectDependencies) = postProject
		{590C1718-49FC-4F82-8797-6928B911FAB7} = {590C1718-49FC-4F82-8797-6928B911FAB7}
		{1128D4A2-34AE-4A04-A803-0A210F4640B7} = {1128D4A2-34AE-4A04-A803-0A210F4640B7}
	EndProjectSection
EndProject
Project("{8BC9CEB8-8B4A-11D0-8D11-00A0C91BC942}") = "libclocale", "libclocale\libclocale.vcproj", "{024650F0-E158-4299-8462-137AD8C27C9D}"
	ProjectSection(ProjectDependencies) = postProject
		{1128D4A2-34AE-4A04-A803-0A210F4640B7} = {1128D4A2-34AE-4A04-A803-0A210F4640B7}
	EndProjectSection
EndProject
Project("{8BC9CEB8-8B4A-11D0-8D11-00A0C91BC942}") = "libbfio", "libbfio\libbfio.vcproj", "{6E214463-1064-4AF1-AF21-41F14B7E9270}"
	ProjectSection(ProjectDependencies) = postProject
		{1128D4A2-34AE-4A04-A803-0A210F4640B7} = {1128D4A2-34AE-4A04-A803-0A210F4640B7}
		{B6FD5F38-E575-4884-BB3A-1165EEE631E3} = {B6FD5F38-E575-4884-BB3A-1165EEE631E3}
		{024650F0-E158-4299-8462-137AD8C27C9D} = {024650F0-E158-4299-8462-137AD8C27C9D}
		{98AC6ECD-8F0F-41B9-8E22-2D74C354F361} = {98AC6ECD-8F0F-41B9-8E22-2D74C354F361}
		{578EB4C9-D025-4C05-86F5-1B0CA0CD7BE7} = {578EB4C9-D025-4C05-86F5-1B0CA0CD7BE7}
		{47E9B46D-909A-48BA-8ECC-0BE36EA51BB1} = {47E9B46D-909A-48BA-8ECC-0BE36EA51BB1}
		{0A5E538A-D72B-4558-85B5-36DF8533ACEC} = {0A5E538A-D72B-4558-85B5-36DF8533ACEC}
		{42CE4D87-E1F0-4128-B3E2-1DCF15602B8B} = {42CE4D87-E1F0-4128-B3E2-1DCF15602B8B}
		{F01E828B-2848-402B-83B2-55113BE71A7E} = {F01E828B-2848-402B-83B2-55113BE71A7E}
	EndProjectSection
EndProject
Project("{8BC9CEB8-8B4A-11D0-8D11-00A0C91BC942}") = "libcfile", "libcfile\libcfile.vcproj", "{0A5E538A-D72B-4558-85B5-36DF8533ACEC}"
	ProjectSection(ProjectDependencies) = postProject
		{1128D4A2-34AE-4A04-A803-0A210F4640B7} = {1128D4A2-34AE-4A04-A803-0A210F4640B7}
		{024650F0-E158-4299-8462-137AD8C27C9D} = {024650F0-E158-4299-8462-137AD8C27C9D}
		{98AC6ECD-8F0F-41B9-8E22-2D74C354F361} = {98AC6ECD-8F0F-41B9-8E22-2D74C354F361}
		{F01E828B-2848-402B-83B2-55113BE71A7E} = {F01E828B-2848-402B-83B2-55113BE71A7E}
	EndProjectSection
EndProject
Project("{8BC9CEB8-8B4A-11D0-8D11-00A0C91BC942}") = "libcthreads", "libcthreads\libcthreads.vcproj", "{B6FD5F38-E575-4884-BB3A-1165EEE631E3}"
	ProjectSection(ProjectDependencies) = postProject
		{1128D4A2-34AE-4A04-A803-0A210F4640B7} = {1128D4A2-34AE-4A04-A803-0A210F4640B7}
	EndProjectSection
EndProject
Project("{8BC9CEB8-8B4A-11D0-8D11-00A0C91BC942}") = "phdiinfo", "phdiinfo\phdiinfo.vcproj", "{0F10AA8E-4EE3-4A64-9B9C-47ACC7C2B6C5}"
	ProjectSection(ProjectDependencies) = postProject
		{F7442660-9417-437B-BF51-A26284761E77} = {F7442660-9417-437B-BF51-A26284761E77}
		{98AC6ECD-8F0F-41B9-8E22-2D74C354F361} = {98AC6ECD-8F0F-41B9-8E22-2D74C354F361}
		{024650F0-E158-4299-8462-137AD8C27C9D} = {024650F0-E158-4299-8462-137AD8C27C9D}
		{590C1718-49FC-4F82-8797-6928B911FAB7} = {590C1718-49FC-4F82-8797-6928B911FAB7}
		{1128D4A2-34AE-4A04-A803-0A210F4640B7} = {1128D4A2-34AE-4A04-A803-0A210F4640B7}
	EndProjectSection
EndProject
Project("{8BC9CEB8-8B4A-11D0-8D11-00A0C91BC942}") = "phdimount", "phdimount\phdimount.vcproj", "{DD3ACEBF-6753-45B6-BEFF-F92045F8E3C6}"
	ProjectSection(ProjectDependencies) = postProject
		{42CE4D87-E1F0-4128-B3E2-1DCF15602B8B} = {42CE4D87-E1F0-4128-B3E2-1DCF15602B8B}
		{47E9B46D-909A-48BA-8ECC-0BE36EA51BB1} = {47E9B46D-909A-48BA-8ECC-0BE36EA51BB1}
		{98AC6ECD-8F0F-41B9-8E22-2D74C354F361} = {98AC6ECD-8F0F-41B9-8E22-2D74C354F361}
		{024650F0-E158-4299-8462-137AD8C27C9D} = {024650F0-E158-4299-8462-137AD8C27C9D}
		{578EB4C9-D025-4C05-86F5-1B0CA0CD7BE7} = {578EB4C9-D025-4C05-86F5-1B0CA0CD7BE7}
		{590C1718-49FC-4F82-8797-6928B911FAB7} = {590C1718-49FC-4F82-8797-6928B911FAB7}
		{1128D4A2-34AE-4A04-A803-0A210F4640B7} = {1128D4A2-34AE-4A04-A803-0A210F4640B7}
	EndProjectSection
EndProject
Project("{8BC9CEB8-8B4A-11D0-8D11-00A0C91BC942}") = "libcpath", "libcpath\libcpath.vcproj", "{42CE4D87-E1F0-4128-B3E2-1DCF15602B8B}"
	ProjectSection(ProjectDependencies) = postProject
		{1128D4A2-34AE-4A04-A803-0A210F4640B7} = {1128D4A2-34AE-4A04-A803-0A210F4640B7}
		{024650F0-E158-4299-8462-137AD8C27C9D} = {024650F0-E158-4299-8462-137AD8C27C9D}
		{47E9B46D-909A-48BA-8ECC-0BE36EA51BB1} = {47E9B46D-909A-48BA-8ECC-0BE36EA51BB1}
		{F01E828B-2848-402B-83B2-55113BE71A7E} = {F01E828B-2848-402B-83B2-55113BE71A7E}
	EndProjectSection
EndProject
Project("{8BC9CEB8-8B4A-11D0-8D11-00A0C91BC942}") = "libuna", "libuna\libuna.vcproj", "{F01E828B-2848-402B-83B2-55113BE71A7E}"
	ProjectSection(ProjectDependencies) = postProject
		{1128D4A2-34AE-4A04-A803-0A210F4640B7} = {1128D4A2-34AE-4A04-A803-0A210F4640B7}
	EndProjectSection
EndProject
Project("{8BC9CEB8-8B4A-11D0-8D11-00A0C91BC942}") = "libfvalue", "libfvalue\libfvalue.vcproj", "{BE329541-CA49-46A7-80AE-5280A0A226CE}"
	ProjectSection(ProjectDependencies) = postProject
		{1128D4A2-34AE-4A04-A803-0A210F4640B7} = {1128D4A2-34AE-4A04-A803-0A210F4640B7}
		{B6FD5F38-E575-4884-BB3A-1165EEE631E3} = {B6FD5F38-E575-4884-BB3A-1165EEE631E3}
		{578EB4C9-D025-4C05-86F5-1B0CA0CD7BE7} = {578EB4C9-D025-4C05-86F5-1B0CA0CD7BE7}
		{98AC6ECD-8F0F-41B9-8E22-2D74C354F361} = {98AC6ECD-8F0F-41B9-8E22-2D74C354F361}
		{F01E828B-2848-402B-83B2-55113BE71A7E} = {F01E828B-2848-402B-83B2-55113BE71A7E}
		{F7442660-9417-437B-BF51-A26284761E77} = {F7442660-9417-437B-BF51-A26284761E77}
	EndProjectSection
EndProject
Project("{8BC9CEB8-8B4A-11D0-8D11-00A0C91BC942}") = "libcerror", "libcerror\libcerror.vcproj", "{1128D4A2-34AE-4A04-A803-0A210F4640B7}"
EndProject
Project("{8BC9CEB8-8B4A-11D0-8D11-00A0C91BC942}") = "libcnotify", "libcnotify\libcnotify.vcproj", "{98AC6ECD-8F0F-41B9-8E22-2D74C354F361}"
	ProjectSection(ProjectDependencies) = postProject
		{1128D4A2-34AE-4A04-A803-0A210F4640B7} = {1128D4A2-34AE-4A04-A803-0A210F4640B7}
	EndProjectSection
EndProject
Project("{8BC9CEB8-8B4A-11D0-8D11-00A0C91BC942}") = "libcdirectory", "libcdirectory\libcdirectory.vcproj", "{B9DA1745-4143-46DF-93F9-4A953EF30D32}"
	ProjectSection(ProjectDependencies) = postProject
		{1128D4A2-34AE-4A04-A803-0A210F4640B7} = {1128D4A2-34AE-4A04-A803-0A210F4640B7}
		{024650F0-E158-4299-8462-137AD8C27C9D} = {024650F0-E158-4299-8462-137AD8C27C9D}
		{F01E828B-2848-402B-83B2-55113BE71A7E} = {F01E828B-2848-402B-83B2-55113BE71A7E}
	EndProjectSection
EndProject
Project("{8BC9CEB8-8B4A-11D0-8D11-00A0C91BC942}") = "libfdata", "libfdata\libfdata.vcproj", "{28827B9E-9847-4B65-B740-7CCB68DE0D91}"
	ProjectSection(ProjectDependencies) = postProject
		{1128D4A2-34AE-4A04-A803-0A210F4640B7} = {1128D4A2-34AE-4A04-A803-0A210F4640B7}
		{B6FD5F38-E575-4884-BB3A-1165EEE631E3} = {B6FD5F38-E575-4884-BB3A-1165EEE631E3}
		{578EB4C9-D025-4C05-86F5-1B0CA0CD7BE7} = {578EB4C9-D025-4C05-86F5-1B0CA0CD7BE7}
		{98AC6ECD-8F0F-41B9-8E22-2D74C354F361} = {98AC6ECD-8F0F-41B9-8E22-2D74C354F361}
		{D2A3DFBA-1B8D-4676-91D9-F7E857648898} = {D2A3DFBA-1B8D-4676-91D9-F7E857648898}
	EndProjectSection
EndProject
Project("{8BC9CEB8-8B4A-11D0-8D11-00A0C91BC942}") = "libcdata", "libcdata\libcdata.vcproj", "{578EB4C9-D025-4C05-86F5-1B0CA0CD7BE7}"
	ProjectSection(ProjectDependencies) = postProject
		{1128D4A2-34AE-4A04-A803-0A210F4640B7} = {1128D4A2-34AE-4A04-A803-0A210F4640B7}
		{B6FD5F38-E575-4884-BB3A-1165EEE631E3} = {B6FD5F38-E575-4884-BB3A-1165EEE631E3}
	EndProjectSection
EndProject
Project("{8BC9CEB8-8B4A-11D0-8D11-00A0C91BC942}") = "libphdi", "libphdi\libphdi.vcproj", "{590C1718-49FC-4F82-8797-6928B911FAB7}"
	ProjectSection(ProjectDependencies) = postProject
		{1128D4A2-34AE-4A04-A803-0A210F4640B7} = {1128D4A2-34AE-4A04-A803-0A210F4640B7}
		{B6FD5F38-E575-4884-BB3A-1165EEE631E3} = {B6FD5F38-E575-4884-BB3A-1165EEE631E3}
		{578EB4C9-D025-4C05-86F5-1B0CA0CD7BE7} = {578EB4C9-D025-4C05-86F5-1B0CA0CD7BE7}
		{024650F0-E158-4299-8462-137AD8C27C9D} = {024650F0-E158-4299-8462-137AD8C27C9D}
		{98AC6ECD-8F0F-41B9-8E22-2D74C354F361} = {98AC6ECD-8F0F-41B9-8E22-2D74C354F361}
		{47E9B46D-909A-48BA-8ECC-0BE36EA51BB1} = {47E9B46D-909A-48BA-8ECC-0BE36EA51BB1}
		{F01E828B-2848-402B-83B2-55113BE71A7E} = {F01E828B-2848-402B-83B2-55113BE71A7E}
		{B9DA1745-4143-46DF-93F9-4A953EF30D32} = {B9DA1745-4143-46DF-93F9-4A953EF30D32}
		{0A5E538A-D72B-4558-85B5-36DF8533ACEC} = {0A5E538A-D72B-4558-85B5-36DF8533ACEC}
		{42CE4D87-E1F0-4128-B3E2-1DCF15602B8B} = {42CE4D87-E1F0-4128-B3E2-1DCF15602B8B}
		{6E214463-1064-4AF1-AF21-41F14B7E9270} = {6E214463-1064-4AF1-AF21-41F14B7E9270}
		{D2A3DFBA-1B8D-4676-91D9-F7E857648898} = {D2A3DFBA-1B8D-4676-91D9-F7E857648898}
		{28827B9E-9847-4B65-B740-7CCB68DE0D91} = {28827B9E-9847-4B65-B740-7CCB68DE0D91}
		{F7442660-9417-437B-BF51-A26284761E77} = {F7442660-9417-437B-BF51-A26284761E77}
		{BE329541-CA49-46A7-80AE-5280A0A226CE} = {BE329541-CA49-46A7-80AE-5280A0A226CE}
	EndProjectSection
EndProject
Project("{8BC9CEB8-8B4A-11D0-8D11-00A0C91BC942}") = "libcsplit", "libcsplit\libcsplit.vcproj", "{47E9B46D-909A-48BA-8ECC-0BE36EA51BB1}"
	ProjectSection(ProjectDependencies) = postProject
		{1128D4A2-34AE-4A04-A803-0A210F4640B7} = {1128D4A2-34AE-4A04-A803-0A210F4640B7}
	EndProjectSection
EndProject
Global
	GlobalSection(SolutionConfigurationPlatforms) = preSolution
		Release|Win32 = Release|Win32
		VSDebug|Win32 = VSDebug|Win32
	EndGlobalSection
	GlobalSection(ProjectConfigurationPlatforms) = postSolution
		{D2A3DFBA-1B8D-4676-91D9-F7E857648898}.Release|Win32.ActiveCfg = Release|Win32
		{D2A3DFBA-1B8D-4676-91D9-F7E857648898}.Release|Win32.Build.0 = Release|Win32
		{D2A3DFBA-1B8D-4676-91D9-F7E857648898}.VSDebug|Win32.ActiveCfg = VSDebug|Win32
		{D2A3DFBA-1B8D-4676-91D9-F7E857648898}.VSDebug|Win32.Build.0 = VSDebug|Win32
		{438C8A1B-20B6-4117-95B9-1E38720923B4}.Release|Win32.ActiveCfg = Release|Win32
		{438C8A1B-20B6-4117-95B9-1E38720923B4}.Release|Win32.Build.0 = Release|Win32
		{438C8A1B-20B6-4117-95B9-1E38720923B4}.VSDebug|Win32.ActiveCfg = VSDebug|Win32
		{438C8A1B-20B6-4117-95B9-1E38720923B4}.VSDebug|Win32.Build.0 = VSDebug|Win32
		{F7442660-9417-437B-BF51-A26284761E77}.Release|Win32.ActiveCfg = Release|Win32
		{F7442660-9417-437B-BF51-A26284761E77}.Release|Win32.Build.0 = Release|Win32
		{F7442660-9417-437B-BF51-A26284761E77}.VSDebug|Win32.ActiveCfg = VSDebug|Win32
		{F7442660-9417-437B-BF51-A26284761E77}.VSDebug|Win32.Build.0 = VSDebug|Win32
		{76A34D69-E8BD-4F3D-9882-891CE6CFA400}.Release|Win32.ActiveCfg = Release|Win32
		{76A34D69-E8BD-4F3D-9882-891CE6CFA400}.Release|Win32.Build.0 = Release|Win32
		{76A34D69-E8BD-4F3D-9882-891CE6CFA400}.VSDebug|Win32.ActiveCfg = VSDebug|Win32
		{76A34D69-E8BD-4F3D-9882-891CE6CFA400}.VSDebug|Win32.Build.0 = VSDebug|Win32
		{25968E1B-1810-4D80-82EB-09DABF4CF629}.Release|Win32.ActiveCfg = Release|Win32
		{25968E1B-1810-4D80-82EB-09DABF4CF629}.Release|Win32.Build.0 = Release|Win32
		{25968E1B-1810-4D80-82EB-09DABF4CF629}.VSDebug|Win32.ActiveCfg = VSDebug|Win32
		{25968E1B-1810-4D80-82EB-09DABF4CF629}.VSDebug|Win32.Build.0 = VSDebug|Win32
		{F1BE673C-568B-47C3-BE38-8B5564455885}.Release|Win32.ActiveCfg = Release|Win32
		{F1BE673C-568B-47C3-BE38-8B5564455885}.Release|Win32.Build.0 = Release|Win32
		{F1BE673C-568B-47C3-BE38-8B5564455885}.VSDebug|Win32.ActiveCfg = VSDebug|Win32
		{F1BE673C-568B-47C3-BE38-8B5564455885}.VSDebug|Win32.Build.0 = VSDebug|Win32
		{0E3D3AB3-62DA-40C2-8C3C-8CB24614FB89}.Release|Win32.ActiveCfg = Release|Win32
		{0E3D3AB3-62DA-40C2-8C3C-8CB24614FB89}.Release|Win32.Build.0 = Release|Win32
		{0E3D3AB3-62DA-40C2-8C3C-8CB24614FB89}.VSDebug|Win32.ActiveCfg = VSDebug|Win32
		{0E3D3AB3-62DA-40C2-8C3C-8CB24614FB89}.VSDebug|Win32.Build.0 = VSDebug|Win32
		{B6D72797-6018-432E-8D6C-0AA42730C4BA}.Release|Win32.ActiveCfg = Release|Win32
		{B6D72797-6018-432E-8D6C-0AA42730C4BA}.Release|Win32.Build.0 = Release|Win32
		{B6D72797-6018-432E-8D6C-0AA42730C4BA}.VSDebug|Win32.ActiveCfg = VSDebug|Win32
		{B6D72797-6018-432E-8D6C-0AA42730C4BA}.VSDebug|Win32.Build.0 = VSDebug|Win32
		{634AD39E-E6AA-4BD7-9139-E4D10CF0510A}.Release|Win32.ActiveCfg = Release|Win32
		{634AD39E-E6AA-4BD7-9139-E4D10CF0510A}.Release|Win32.Build.0 = Release|Win32
		{634AD39E-E6AA-4BD7-9139-E4D10CF0510A}.VSDebug|Win32.ActiveCfg = VSDebug|Win32
		{634AD39E-E6AA-4BD7-9139-E4D10CF0510A}.VSDebug|Win32.Build.0 = VSDebug|Win32
		{1AC21EB6-2302-40BE-9876-D4A5D4CCCDAF}.Release|Win32.ActiveCfg = Release|Win32
		{1AC21EB6-2302-40BE-9876-D4A5D4CCCDAF}.Release|Win32.Build.0 = Release|Win32
		{1AC21EB6-2302-40BE-9876-D4A5D4CCCDAF}.VSDebug|Win32.ActiveCfg = VSDebug|Win32
		{1AC21EB6-2302-40BE-9876-D4A5D4CCCDAF}.VSDebug|Win32.Build.0 = VSDebug|Win32
		{34C38914-56E3-462B-AE49-D41E91A60865}.Release|Win32.ActiveCfg = Release|Win32
		{34C38914-56E3-462B-AE49-D41E91A60865}.Release|Win32.Build.0 = Release|Win32
		{34C38914-56E3-462B-AE49-D41E91A60865}.VSDebug|Win32.ActiveCfg = VSDebug|Win32
		{34C38914-56E3-462B-AE49-D41E91A60865}.VSDebug|Win32.Build.0 = VSDebug|Win32
		{9554008A-5C3D-4CBA-9B80-834D406F0D6D}.Release|Win32.ActiveCfg = Release|Win32
		{9554008A-5C3D-4CBA-9B80-834D406F0D6D}.Release|Win32.Build.0 = Release|Win32
		{9554008A-5C3D-4CBA-9B80-834D406F0D6D}.VSDebug|Win32.ActiveCfg = VSDebug|Win32
		{9554008A-5C3D-4CBA-9B80-834D406F0D6D}.VSDebug|Win32.Build.0 = VSDebug|Win32
		{456DF294-6F4F-46A5-ABCD-21FB588FD5CD}.Release|Win32.ActiveCfg = Release|Win32
		{456DF294-6F4F-46A5-ABCD-21FB588FD5CD}.Release|Win32.Build.0 = Release|Win32
		{456DF294-6F4F-46A5-ABCD-21FB588FD5CD}.VSDebug|Win32.ActiveCfg = VSDebug|Win32
		{456DF294-6F4F-46A5-ABCD-21FB588FD5CD}.VSDebug|Win32.Build.0 = VSDebug|Win32
		{B95129C3-BA9D-4DE2-9A0B-17F61681CF90}.Release|Win32.ActiveCfg = Release|Win32
		{B95129C3-BA9D-4DE2-9A0B-17F61681CF90}.Release|Win32.Build.0 = Release|Win32
		{B95129C3-BA9D-4DE2-9A0B-17F61681CF90}.VSDebug|Win32.ActiveCfg = VSDebug|Win32
		{B95129C3-BA9D-4DE2-9A0B-17F61681CF90}.VSDebug|Win32.Build.0 = VSDebug|Win32
		{7E7B8C04-6DEC-4730-A1BA-1ACBBEBB4CCA}.Release|Win32.ActiveCfg = Release|Win32
		{7E7B8C04-6DEC-4730-A1BA-1ACBBEBB4CCA}.Release|Win32.Build.0 = Release|Win32
		{7E7B8C04-6DEC-4730-A1BA-1ACBBEBB4CCA}.VSDebug|Win32.ActiveCfg = VSDebug|Win32
		{7E7B8C04-6DEC-4730-A1BA-1ACBBEBB4CCA}.VSDebug|Win32.Build.0 = VSDebug|Win32
		{4688B716-6565-456C-BF61-AB0E57AD13B7}.Release|Win32.ActiveCfg = Release|Win32
		{4688B716-6565-456C-BF61-AB0E57AD13B7}.Release|Win32.Build.0 = Release|Win32
		{4688B716-6565-456C-BF61-AB0E57AD13B7}.VSDebug|Win32.ActiveCfg = VSDebug|Win32
		{4688B716-6565-456C-BF61-AB0E57AD13B7}.VSDebug|Win32.Build.0 = VSDebug|Win32
		{F901EC39-CEEF-49C7-BBC7-6A5D07FD9FA9}.Release|Win32.ActiveCfg = Release|Win32
		{F901EC39-CEEF-49C7-BBC7-6A5D07FD9FA9}.Release|Win32.Build.0 = Release|Win32
		{F901EC39-CEEF-49C7-BBC7-6A5D07FD9FA9}.VSDebug|Win32.ActiveCfg = VSDebug|Win32
		{F901EC39-CEEF-49C7-BBC7-6A5D07FD9FA9}.VSDebug|Win32.Build.0 = VSDebug|Win32
		{DC6C77D9-5723-46EE-8C51-F684BFF781E7}.Release|Win32.ActiveCfg = Release|Win32
		{DC6C77D9-5723-46EE-8C51-F684BFF781E7}.Release|Win32.Build.0 = Release|Win32
		{DC6C77D9-5723-46EE-8C51-F684BFF781E7}.VSDebug|Win32.ActiveCfg = VSDebug|Win32
		{DC6C77D9-5723-46EE-8C51-F684BFF781E7}.VSDebug|Win32.Build.0 = VSDebug|Win32
		{F8113E98-9A38-4255-ABDE-225A1C8AD140}.Release|Win32.ActiveCfg = Release|Win32
		{F8113E98-9A38-4255-ABDE-225A1C8AD140}.Release|Win32.Build.0 = Release|Win32
		{F8113E98-9A38-4255-ABDE-225A1C8AD140}.VSDebug|Win32.ActiveCfg = VSDebug|Win32
		{F8113E98-9A38-4255-ABDE-225A1C8AD140}.VSDebug|Win32.Build.0 = VSDebug|Win32
		{793C8E7C-CEFA-4F78-9EB7-90FC383ADB32}.Release|Win32.ActiveCfg = Release|Win32
		{793C8E7C-CEFA-4F78-9EB7-90FC383ADB32}.Release|Win32.Build.0 = Release|Win32
		{793C8E7C-CEFA-4F78-9EB7-90FC383ADB32}.VSDebug|Win32.ActiveCfg = VSDebug|Win32
		{793C8E7C-CEFA-4F78-9EB7-90FC383ADB32}.VSDebug|Win32.Build.0 = VSDebug|Win32
		{4AFB2562-9EE9-4583-8164-D35D2E09CD7E}.Release|Win32.ActiveCfg = Release|Win32
		{4AFB2562-9EE9-4583-8164-D35D2E09CD7E}.Release|Win32.Build.0 = Release|Win32
		{4AFB2562-9EE9-4583-8164-D35D2E09CD7E}.VSDebug|Win32.ActiveCfg = VSDebug|Win32
		{4AFB2562-9EE9-4583-8164-D35D2E09CD7E}.VSDebug|Win32.Build.0 = VSDebug|Win32
		{8560BE7C-1892-48A4-A0D8-BEB8BC38A7EE}.Release|Win32.ActiveCfg = Release|Win32
		{8560BE7C-1892-48A4-A0D8-BEB8BC38A7EE}.Release|Win32.Build.0 = Release|Win32
		{8560BE7C-1892-48A4-A0D8-BEB8BC38A7EE}.VSDebug|Win32.ActiveCfg = VSDebug|Win32
		{8560BE7C-1892-48A4-A0D8-BEB8BC38A7EE}.VSDebug|Win32.Build.0 = VSDebug|Win32
		{024650F0-E158-4299-8462-137AD8C27C9D}.Release|Win32.ActiveCfg = Release|Win32
		{024650F0-E158-4299-8462-137AD8C27C9D}.Release|Win32.Build.0 = Release|Win32
		{024650F0-E158-4299-8462-137AD8C27C9D}.VSDebug|Win32.ActiveCfg = VSDebug|Win32
		{024650F0-E158-4299-8462-137AD8C27C9D}.VSDebug|Win32.Build.0 = VSDebug|Win32
		{6E214463-1064-4AF1-AF21-41F14B7E9270}.Release|Win32.ActiveCfg = Release|Win32
		{6E214463-1064-4AF1-AF21-41F14B7E9270}.Release|Win32.Build.0 = Release|Win32
		{6E214463-1064-4AF1-AF21-41F14B7E9270}.VSDebug|Win32.ActiveCfg = VSDebug|Win32
		{6E214463-1064-4AF1-AF21-41F14B7E9270}.VSDebug|Win32.Build.0 = VSDebug|Win32
		{0A5E538A-D72B-4558-85B5-36DF8533ACEC}.Release|Win32.ActiveCfg = Release|Win32
		{0A5E538A-D72B-4558-85B5-36DF8533ACEC}.Release|Win32.Build.0 = Release|Win32
		{0A5E538A-D72B-4558-85B5-36DF8533ACEC}.VSDebug|Win32.ActiveCfg = VSDebug|Win32
		{0A5E538A-D72B-4558-85B5-36DF8533ACEC}.VSDebug|Win32.Build.0 = VSDebug|Win32
		{B6FD5F38-E575-4884-BB3A-1165EEE631E3}.Release|Win32.ActiveCfg = Release|Win32
		{B6FD5F38-E575-4884-BB3A-1165EEE631E3}.Release|Win32.Build.0 = Release|Win32
		{B6FD5F38-E575-4884-BB3A-1165EEE631E3}.VSDebug|Win32.ActiveCfg = VSDebug|Win32
		{B6FD5F38-E575-4884-BB3A-1165EEE631E3}.VSDebug|Win32.Build.0 = VSDebug|Win32
		{0F10AA8E-4EE3-4A64-9B9C-47ACC7C2B6C5}.Release|Win32.ActiveCfg = Release|Win32
		{0F10AA8E-4EE3-4A64-9B9C-47ACC7C2B6C5}.Release|Win32.Build.0 = Release|Win32
		{0F10AA8E-4EE3-4A64-9B9C-47ACC7C2B6C5}.VSDebug|Win32.ActiveCfg = VSDebug|Win32
		{0F10AA8E-4EE3-4A64-9B9C-47ACC7C2B6C5}.VSDebug|Win32.Build.0 = VSDebug|Win32
		{DD3ACEBF-6753-45B6-BEFF-F92045F8E3C6}.Release|Win32.ActiveCfg = Release|Win32
		{DD3ACEBF-6753-45B6-BEFF-F92045F8E3C6}.Release|Win32.Build.0 = Release|Win32
		{DD3ACEBF-6753-45B6-BEFF-F92045F8E3C6}.VSDebug|Win32.ActiveCfg = VSDebug|Win32
		{DD3ACEBF-6753-45B6-BEFF-F92045F8E3C6}.VSDebug|Win32.Build.0 = VSDebug|Win32
		{42CE4D87-E1F0-4128-B3E2-1DCF15602B8B}.Release|Win32.ActiveCfg = Release|Win32
		{42CE4D87-E1F0-4128-B3E2-1DCF15602B8B}.Release|Win32.Build.0 = Release|Win32
		{42CE4D87-E1F0-4128-B3E2-1DCF15602B8B}.VSDebug|Win32.ActiveCfg = VSDebug|Win32
		{42CE4D87-E1F0-4128-B3E2-1DCF15602B8B}.VSDebug|Win32.Build.0 = VSDebug|Win32
		{F01E828B-2848-402B-83B2-55113BE71A7E}.Release|Win32.ActiveCfg = Release|Win32
		{F01E828B-2848-402B-83B2-55113BE71A7E}.Release|Win32.Build.0 = Release|Win32
		{F01E828B-2848-402B-83B2-55113BE71A7E}.VSDebug|Win32.ActiveCfg = VSDebug|Win32
		{F01E828B-2848-402B-83B2-55113BE71A7E}.VSDebug|Win32.Build.0 = VSDebug|Win32
		{BE329541-CA49-46A7-80AE-5280A0A226CE}.Release|Win32.ActiveCfg = Release|Win32
		{BE329541-CA49-46A7-80AE-5280A0A226CE}.Release|Win32.Build.0 = Release|Win32
		{BE329541-CA49-46A7-80AE-5280A0A226CE}.VSDebug|Win32.ActiveCfg = VSDebug|Win32
		{BE329541-CA49-46A7-80AE-5280A0A226CE}.VSDebug|Win32.Build.0 = VSDebug|Win32
		{1128D4A2-34AE-4A04-A803-0A210F4640B7}.Release|Win32.ActiveCfg = Release|Win32
		{1128D4A2-34AE-4A04-A803-0A210F4640B7}.Release|Win32.Build.0 = Release|Win32
		{1128D4A2-34AE-4A04-A803-0A210F4640B7}.VSDebug|Win32.ActiveCfg = VSDebug|Win32
		{1128D4A2-34AE-4A04-A803-0A210F4640B7}.VSDebug|Win32.Build.0 = VSDebug|Win32
		{98AC6ECD-8F0F-41B9-8E22-2D74C354F361}.Release|Win32.ActiveCfg = Release|Win32
		{98AC6ECD-8F0F-41B9-8E22-2D74C354F361}.Release|Win32.Build.0 = Release|Win32
		{98AC6ECD-8F0F-41B9-8E22-2D74C354F361}.VSDebug|Win32.ActiveCfg = VSDebug|Win32
		{98AC6ECD-8F0F-41B9-8E22-2D74C354F361}.VSDebug|Win32.Build.0 = VSDebug|Win32
		{B9DA1745-4143-46DF-93F9-4A953EF30D32}.Release|Win32.ActiveCfg = Release|Win32
		{B9DA1745-4143-46DF-93F9-4A953EF30D32}.Release|Win32.Build.0 = Release|Win32
		{B9DA1745-4143-46DF-93F9-4A953EF30D32}.VSDebug|Win32.ActiveCfg = VSDebug|Win32
		{B9DA1745-4143-46DF-93F9-4A953EF30D32}.VSDebug|Win32.Build.0 = VSDebug|Win32
		{28827B9E-9847-4B65-B740-7CCB68DE0D91}.Release|Win32.ActiveCfg = Release|Win32
		{28827B9E-9847-4B65-B740-7CCB68DE0D91}.Release|Win32.Build.0 = Release|Win32
		{28827B9E-9847-4B65-B740-7CCB68DE0D91}.VSDebug|Win32.ActiveCfg = VSDebug|Win32
		{28827B9E-9847-4B65-B740-7CCB68DE0D91}.VSDebug|Win32.Build.0 = VSDebug|Win32
		{578EB4C9-D025-4C05-86F5-1B0CA0CD7BE7}.Release|Win32.ActiveCfg = Release|Win32
		{578EB4C9-D025-4C05-86F5-1B0CA0CD7BE7}.Release|Win32.Build.0 = Release|Win32
		{578EB4C9-D025-4C05-86F5-1B0CA0CD7BE7}.VSDebug|Win32.ActiveCfg = VSDebug|Win32
		{578EB4C9-D025-4C05-86F5-1B0CA0CD7BE7}.VSDebug|Win32.Build.0 = VSDebug|Win32
		{590C1718-49FC-4F82-8797-6928B911FAB7}.Release|Win32.ActiveCfg = Release|Win32
		{590C1718-49FC-4F82-8797-6928B911FAB7}.Release|Win32.Build.0 = Release|Win32
		{590C1718-49FC-4F82-8797-6928B911FAB7}.VSDebug|Win32.ActiveCfg = VSDebug|Win32
		{590C1718-49FC-4F82-8797-6928B911FAB7}.VSDebug|Win32.Build.0 = VSDebug|Win32
		{47E9B46D-909A-48BA-8ECC-0BE36EA51BB1}.Release|Win32.ActiveCfg = Release|Win32
		{47E9B46D-909A-48BA-8ECC-0BE36EA51BB1}.Release|Win32.Build.0 = Release|Win32
		{47E9B46D-909A-48BA-8ECC-0BE36EA51BB1}.VSDebug|Win32.ActiveCfg = VSDebug|Win32
		{47E9B46D-909A-48BA-8ECC-0BE36EA51BB1}.VSDebug|Win32.Build.0 = VSDebug|Win32
	EndGlobalSection
	GlobalSection(SolutionProperties) = preSolution
		HideSolutionNode = FALSE
	EndGlobalSection
EndGlobal
